
Microsoft Visual Studio Solution File, Format Version 12.00
# Visual Studio Version 17
VisualStudioVersion = 17.7.34221.43
MinimumVisualStudioVersion = 10.0.40219.1
Project("{FAE04EC0-301F-11D3-BF4B-00C04F79EFBC}") = "TinyProject", "TinyProject\TinyProject.csproj", "{5DD063D2-7B96-4019-B9FA-4232E3207919}"
EndProject
Global
	GlobalSection(SolutionConfigurationPlatforms) = preSolution
		Debug|Any CPU = Debug|Any CPU
		Release|Any CPU = Release|Any CPU
	EndGlobalSection
	GlobalSection(ProjectConfigurationPlatforms) = postSolution
		{5DD063D2-7B96-4019-B9FA-4232E3207919}.Debug|Any CPU.ActiveCfg = Debug|Any CPU
		{5DD063D2-7B96-4019-B9FA-4232E3207919}.Debug|Any CPU.Build.0 = Debug|Any CPU
		{5DD063D2-7B96-4019-B9FA-4232E3207919}.Release|Any CPU.ActiveCfg = Release|Any CPU
		{5DD063D2-7B96-4019-B9FA-4232E3207919}.Release|Any CPU.Build.0 = Release|Any CPU
	EndGlobalSection
	GlobalSection(SolutionProperties) = preSolution
		HideSolutionNode = FALSE
	EndGlobalSection
	GlobalSection(ExtensibilityGlobals) = postSolution
		SolutionGuid = {6BFD9E16-B3AE-4516-BD58-121C7E9627E3}
	EndGlobalSection
EndGlobal
